
Microsoft Visual Studio Solution File, Format Version 12.00
# Visual Studio Version 17
VisualStudioVersion = 17.13.36105.23
MinimumVisualStudioVersion = 10.0.40219.1
Project("{FAE04EC0-301F-11D3-BF4B-00C04F79EFBC}") = "Api", "Api\Api.csproj", "{8A69A283-CE80-436F-A3B4-96B5BA341A29}"
EndProject
Project("{FAE04EC0-301F-11D3-BF4B-00C04F79EFBC}") = "Domain", "Domain\Domain.csproj", "{11A2E000-15A1-40AA-B4EB-81B2096EB488}"
EndProject
Project("{FAE04EC0-301F-11D3-BF4B-00C04F79EFBC}") = "Application", "Application\Application.csproj", "{04BAFC8F-9D8D-4130-A86E-6D10E7EDD76B}"
EndProject
Project("{FAE04EC0-301F-11D3-BF4B-00C04F79EFBC}") = "Infrastructure", "Infrastructure\Infrastructure.csproj", "{997AE89F-0E76-4323-8888-498E0FC78514}"
EndProject
Project("{2150E333-8FDC-42A3-9474-1A3956D46DE8}") = "tests", "tests", "{0AB3BF05-4346-4AA6-1389-037BE0695223}"
EndProject
Project("{FAE04EC0-301F-11D3-BF4B-00C04F79EFBC}") = "TaskManagement.UnitTests", "tests\TaskManagement.UnitTests\TaskManagement.UnitTests.csproj", "{87511FBF-F9A6-4360-B7E0-B932171955B1}"
EndProject
Global
	GlobalSection(SolutionConfigurationPlatforms) = preSolution
		Debug|Any CPU = Debug|Any CPU
		Debug|x64 = Debug|x64
		Debug|x86 = Debug|x86
		Release|Any CPU = Release|Any CPU
		Release|x64 = Release|x64
		Release|x86 = Release|x86
	EndGlobalSection
	GlobalSection(ProjectConfigurationPlatforms) = postSolution
		{8A69A283-CE80-436F-A3B4-96B5BA341A29}.Debug|Any CPU.ActiveCfg = Debug|Any CPU
		{8A69A283-CE80-436F-A3B4-96B5BA341A29}.Debug|Any CPU.Build.0 = Debug|Any CPU
		{8A69A283-CE80-436F-A3B4-96B5BA341A29}.Debug|x64.ActiveCfg = Debug|Any CPU
		{8A69A283-CE80-436F-A3B4-96B5BA341A29}.Debug|x64.Build.0 = Debug|Any CPU
		{8A69A283-CE80-436F-A3B4-96B5BA341A29}.Debug|x86.ActiveCfg = Debug|Any CPU
		{8A69A283-CE80-436F-A3B4-96B5BA341A29}.Debug|x86.Build.0 = Debug|Any CPU
		{8A69A283-CE80-436F-A3B4-96B5BA341A29}.Release|Any CPU.ActiveCfg = Release|Any CPU
		{8A69A283-CE80-436F-A3B4-96B5BA341A29}.Release|Any CPU.Build.0 = Release|Any CPU
		{8A69A283-CE80-436F-A3B4-96B5BA341A29}.Release|x64.ActiveCfg = Release|Any CPU
		{8A69A283-CE80-436F-A3B4-96B5BA341A29}.Release|x64.Build.0 = Release|Any CPU
		{8A69A283-CE80-436F-A3B4-96B5BA341A29}.Release|x86.ActiveCfg = Release|Any CPU
		{8A69A283-CE80-436F-A3B4-96B5BA341A29}.Release|x86.Build.0 = Release|Any CPU
		{11A2E000-15A1-40AA-B4EB-81B2096EB488}.Debug|Any CPU.ActiveCfg = Debug|Any CPU
		{11A2E000-15A1-40AA-B4EB-81B2096EB488}.Debug|Any CPU.Build.0 = Debug|Any CPU
		{11A2E000-15A1-40AA-B4EB-81B2096EB488}.Debug|x64.ActiveCfg = Debug|Any CPU
		{11A2E000-15A1-40AA-B4EB-81B2096EB488}.Debug|x64.Build.0 = Debug|Any CPU
		{11A2E000-15A1-40AA-B4EB-81B2096EB488}.Debug|x86.ActiveCfg = Debug|Any CPU
		{11A2E000-15A1-40AA-B4EB-81B2096EB488}.Debug|x86.Build.0 = Debug|Any CPU
		{11A2E000-15A1-40AA-B4EB-81B2096EB488}.Release|Any CPU.ActiveCfg = Release|Any CPU
		{11A2E000-15A1-40AA-B4EB-81B2096EB488}.Release|Any CPU.Build.0 = Release|Any CPU
		{11A2E000-15A1-40AA-B4EB-81B2096EB488}.Release|x64.ActiveCfg = Release|Any CPU
		{11A2E000-15A1-40AA-B4EB-81B2096EB488}.Release|x64.Build.0 = Release|Any CPU
		{11A2E000-15A1-40AA-B4EB-81B2096EB488}.Release|x86.ActiveCfg = Release|Any CPU
		{11A2E000-15A1-40AA-B4EB-81B2096EB488}.Release|x86.Build.0 = Release|Any CPU
		{04BAFC8F-9D8D-4130-A86E-6D10E7EDD76B}.Debug|Any CPU.ActiveCfg = Debug|Any CPU
		{04BAFC8F-9D8D-4130-A86E-6D10E7EDD76B}.Debug|Any CPU.Build.0 = Debug|Any CPU
		{04BAFC8F-9D8D-4130-A86E-6D10E7EDD76B}.Debug|x64.ActiveCfg = Debug|Any CPU
		{04BAFC8F-9D8D-4130-A86E-6D10E7EDD76B}.Debug|x64.Build.0 = Debug|Any CPU
		{04BAFC8F-9D8D-4130-A86E-6D10E7EDD76B}.Debug|x86.ActiveCfg = Debug|Any CPU
		{04BAFC8F-9D8D-4130-A86E-6D10E7EDD76B}.Debug|x86.Build.0 = Debug|Any CPU
		{04BAFC8F-9D8D-4130-A86E-6D10E7EDD76B}.Release|Any CPU.ActiveCfg = Release|Any CPU
		{04BAFC8F-9D8D-4130-A86E-6D10E7EDD76B}.Release|Any CPU.Build.0 = Release|Any CPU
		{04BAFC8F-9D8D-4130-A86E-6D10E7EDD76B}.Release|x64.ActiveCfg = Release|Any CPU
		{04BAFC8F-9D8D-4130-A86E-6D10E7EDD76B}.Release|x64.Build.0 = Release|Any CPU
		{04BAFC8F-9D8D-4130-A86E-6D10E7EDD76B}.Release|x86.ActiveCfg = Release|Any CPU
		{04BAFC8F-9D8D-4130-A86E-6D10E7EDD76B}.Release|x86.Build.0 = Release|Any CPU
		{997AE89F-0E76-4323-8888-498E0FC78514}.Debug|Any CPU.ActiveCfg = Debug|Any CPU
		{997AE89F-0E76-4323-8888-498E0FC78514}.Debug|Any CPU.Build.0 = Debug|Any CPU
		{997AE89F-0E76-4323-8888-498E0FC78514}.Debug|x64.ActiveCfg = Debug|Any CPU
		{997AE89F-0E76-4323-8888-498E0FC78514}.Debug|x64.Build.0 = Debug|Any CPU
		{997AE89F-0E76-4323-8888-498E0FC78514}.Debug|x86.ActiveCfg = Debug|Any CPU
		{997AE89F-0E76-4323-8888-498E0FC78514}.Debug|x86.Build.0 = Debug|Any CPU
		{997AE89F-0E76-4323-8888-498E0FC78514}.Release|Any CPU.ActiveCfg = Release|Any CPU
		{997AE89F-0E76-4323-8888-498E0FC78514}.Release|Any CPU.Build.0 = Release|Any CPU
		{997AE89F-0E76-4323-8888-498E0FC78514}.Release|x64.ActiveCfg = Release|Any CPU
		{997AE89F-0E76-4323-8888-498E0FC78514}.Release|x64.Build.0 = Release|Any CPU
		{997AE89F-0E76-4323-8888-498E0FC78514}.Release|x86.ActiveCfg = Release|Any CPU
		{997AE89F-0E76-4323-8888-498E0FC78514}.Release|x86.Build.0 = Release|Any CPU
		{87511FBF-F9A6-4360-B7E0-B932171955B1}.Debug|Any CPU.ActiveCfg = Debug|Any CPU
		{87511FBF-F9A6-4360-B7E0-B932171955B1}.Debug|Any CPU.Build.0 = Debug|Any CPU
		{87511FBF-F9A6-4360-B7E0-B932171955B1}.Debug|x64.ActiveCfg = Debug|Any CPU
		{87511FBF-F9A6-4360-B7E0-B932171955B1}.Debug|x64.Build.0 = Debug|Any CPU
		{87511FBF-F9A6-4360-B7E0-B932171955B1}.Debug|x86.ActiveCfg = Debug|Any CPU
		{87511FBF-F9A6-4360-B7E0-B932171955B1}.Debug|x86.Build.0 = Debug|Any CPU
		{87511FBF-F9A6-4360-B7E0-B932171955B1}.Release|Any CPU.ActiveCfg = Release|Any CPU
		{87511FBF-F9A6-4360-B7E0-B932171955B1}.Release|Any CPU.Build.0 = Release|Any CPU
		{87511FBF-F9A6-4360-B7E0-B932171955B1}.Release|x64.ActiveCfg = Release|Any CPU
		{87511FBF-F9A6-4360-B7E0-B932171955B1}.Release|x64.Build.0 = Release|Any CPU
		{87511FBF-F9A6-4360-B7E0-B932171955B1}.Release|x86.ActiveCfg = Release|Any CPU
		{87511FBF-F9A6-4360-B7E0-B932171955B1}.Release|x86.Build.0 = Release|Any CPU
	EndGlobalSection
	GlobalSection(SolutionProperties) = preSolution
		HideSolutionNode = FALSE
	EndGlobalSection
	GlobalSection(NestedProjects) = preSolution
		{87511FBF-F9A6-4360-B7E0-B932171955B1} = {0AB3BF05-4346-4AA6-1389-037BE0695223}
	EndGlobalSection
	GlobalSection(ExtensibilityGlobals) = postSolution
		SolutionGuid = {F4C40C42-EABB-4673-9EC0-D7B89E01DCB9}
	EndGlobalSection
EndGlobal
